
Microsoft Visual Studio Solution File, Format Version 12.00
# Visual Studio Version 17
VisualStudioVersion = 17.2.32210.308
MinimumVisualStudioVersion = 10.0.40219.1
Project("{FAE04EC0-301F-11D3-BF4B-00C04F79EFBC}") = "CheckCBOEOptionData", "CheckCBOEOptionData.csproj", "{514C6E92-2817-459D-9D20-D732A49C8958}"
EndProject
Global
	GlobalSection(SolutionConfigurationPlatforms) = preSolution
		Debug|Any CPU = Debug|Any CPU
		Release|Any CPU = Release|Any CPU
	EndGlobalSection
	GlobalSection(ProjectConfigurationPlatforms) = postSolution
		{514C6E92-2817-459D-9D20-D732A49C8958}.Debug|Any CPU.ActiveCfg = Debug|Any CPU
		{514C6E92-2817-459D-9D20-D732A49C8958}.Debug|Any CPU.Build.0 = Debug|Any CPU
		{514C6E92-2817-459D-9D20-D732A49C8958}.Release|Any CPU.ActiveCfg = Release|Any CPU
		{514C6E92-2817-459D-9D20-D732A49C8958}.Release|Any CPU.Build.0 = Release|Any CPU
	EndGlobalSection
	GlobalSection(SolutionProperties) = preSolution
		HideSolutionNode = FALSE
	EndGlobalSection
	GlobalSection(ExtensibilityGlobals) = postSolution
		SolutionGuid = {C9B02F00-9E96-439D-BDC8-437B8B26DA2A}
	EndGlobalSection
EndGlobal
